// !$*UTF8*$!
{
	archiveVersion = 1;
	classes = {
	};
	objectVersion = 46;
	objects = {

/* Begin PBXBuildFile section */
		2666E3B41ACFE4C00057B9CD /* AppDelegate.swift in Sources */ = {isa = PBXBuildFile; fileRef = 2666E3B31ACFE4C00057B9CD /* AppDelegate.swift */; };
		2666E3B61ACFE4C00057B9CD /* CreateMemeViewController.swift in Sources */ = {isa = PBXBuildFile; fileRef = 2666E3B51ACFE4C00057B9CD /* CreateMemeViewController.swift */; };
		2666E3B91ACFE4C00057B9CD /* Main.storyboard in Resources */ = {isa = PBXBuildFile; fileRef = 2666E3B71ACFE4C00057B9CD /* Main.storyboard */; };
		2666E3BB1ACFE4C00057B9CD /* Images.xcassets in Resources */ = {isa = PBXBuildFile; fileRef = 2666E3BA1ACFE4C00057B9CD /* Images.xcassets */; };
		2666E3BE1ACFE4C00057B9CD /* LaunchScreen.xib in Resources */ = {isa = PBXBuildFile; fileRef = 2666E3BC1ACFE4C00057B9CD /* LaunchScreen.xib */; };
		2666E3CA1ACFE4C00057B9CD /* MemeMeTests.swift in Sources */ = {isa = PBXBuildFile; fileRef = 2666E3C91ACFE4C00057B9CD /* MemeMeTests.swift */; };
		2666E4041ACFF02E0057B9CD /* MemeHistoryViewController.swift in Sources */ = {isa = PBXBuildFile; fileRef = 2666E4031ACFF02E0057B9CD /* MemeHistoryViewController.swift */; };
		26AF71CC1AD53AF0008CAE8C /* Meme.swift in Sources */ = {isa = PBXBuildFile; fileRef = 26AF71CB1AD53AF0008CAE8C /* Meme.swift */; };
		26AF71CE1AD54144008CAE8C /* SentMemeCollectionViewCell.swift in Sources */ = {isa = PBXBuildFile; fileRef = 26AF71CD1AD54144008CAE8C /* SentMemeCollectionViewCell.swift */; };
		26AF71D01AD560D7008CAE8C /* MemeDetailViewController.swift in Sources */ = {isa = PBXBuildFile; fileRef = 26AF71CF1AD560D7008CAE8C /* MemeDetailViewController.swift */; };
		26E0A0FF1AD27481003D44BC /* impact.otf in Resources */ = {isa = PBXBuildFile; fileRef = 26E0A0FE1AD27473003D44BC /* impact.otf */; };
/* End PBXBuildFile section */

/* Begin PBXContainerItemProxy section */
		2666E3C41ACFE4C00057B9CD /* PBXContainerItemProxy */ = {
			isa = PBXContainerItemProxy;
			containerPortal = 2666E3A61ACFE4C00057B9CD /* Project object */;
			proxyType = 1;
			remoteGlobalIDString = 2666E3AD1ACFE4C00057B9CD;
			remoteInfo = MemeMe;
		};
/* End PBXContainerItemProxy section */

/* Begin PBXFileReference section */
		2666E3AE1ACFE4C00057B9CD /* MemeMe.app */ = {isa = PBXFileReference; explicitFileType = wrapper.application; includeInIndex = 0; path = MemeMe.app; sourceTree = BUILT_PRODUCTS_DIR; };
		2666E3B21ACFE4C00057B9CD /* Info.plist */ = {isa = PBXFileReference; lastKnownFileType = text.plist.xml; path = Info.plist; sourceTree = "<group>"; };
		2666E3B31ACFE4C00057B9CD /* AppDelegate.swift */ = {isa = PBXFileReference; lastKnownFileType = sourcecode.swift; path = AppDelegate.swift; sourceTree = "<group>"; };
		2666E3B51ACFE4C00057B9CD /* CreateMemeViewController.swift */ = {isa = PBXFileReference; lastKnownFileType = sourcecode.swift; path = CreateMemeViewController.swift; sourceTree = "<group>"; };
		2666E3B81ACFE4C00057B9CD /* Base */ = {isa = PBXFileReference; lastKnownFileType = file.storyboard; name = Base; path = Base.lproj/Main.storyboard; sourceTree = "<group>"; };
		2666E3BA1ACFE4C00057B9CD /* Images.xcassets */ = {isa = PBXFileReference; lastKnownFileType = folder.assetcatalog; path = Images.xcassets; sourceTree = "<group>"; };
		2666E3BD1ACFE4C00057B9CD /* Base */ = {isa = PBXFileReference; lastKnownFileType = file.xib; name = Base; path = Base.lproj/LaunchScreen.xib; sourceTree = "<group>"; };
		2666E3C31ACFE4C00057B9CD /* MemeMeTests.xctest */ = {isa = PBXFileReference; explicitFileType = wrapper.cfbundle; includeInIndex = 0; path = MemeMeTests.xctest; sourceTree = BUILT_PRODUCTS_DIR; };
		2666E3C81ACFE4C00057B9CD /* Info.plist */ = {isa = PBXFileReference; lastKnownFileType = text.plist.xml; path = Info.plist; sourceTree = "<group>"; };
		2666E3C91ACFE4C00057B9CD /* MemeMeTests.swift */ = {isa = PBXFileReference; lastKnownFileType = sourcecode.swift; path = MemeMeTests.swift; sourceTree = "<group>"; };
		2666E4031ACFF02E0057B9CD /* MemeHistoryViewController.swift */ = {isa = PBXFileReference; fileEncoding = 4; lastKnownFileType = sourcecode.swift; path = MemeHistoryViewController.swift; sourceTree = "<group>"; };
		26AF71CB1AD53AF0008CAE8C /* Meme.swift */ = {isa = PBXFileReference; fileEncoding = 4; lastKnownFileType = sourcecode.swift; path = Meme.swift; sourceTree = "<group>"; };
		26AF71CD1AD54144008CAE8C /* SentMemeCollectionViewCell.swift */ = {isa = PBXFileReference; fileEncoding = 4; lastKnownFileType = sourcecode.swift; path = SentMemeCollectionViewCell.swift; sourceTree = "<group>"; };
		26AF71CF1AD560D7008CAE8C /* MemeDetailViewController.swift */ = {isa = PBXFileReference; fileEncoding = 4; lastKnownFileType = sourcecode.swift; path = MemeDetailViewController.swift; sourceTree = "<group>"; };
		26E0A0FE1AD27473003D44BC /* impact.otf */ = {isa = PBXFileReference; lastKnownFileType = file; path = impact.otf; sourceTree = "<group>"; };
/* End PBXFileReference section */

/* Begin PBXFrameworksBuildPhase section */
		2666E3AB1ACFE4C00057B9CD /* Frameworks */ = {
			isa = PBXFrameworksBuildPhase;
			buildActionMask = 2147483647;
			files = (
			);
			runOnlyForDeploymentPostprocessing = 0;
		};
		2666E3C01ACFE4C00057B9CD /* Frameworks */ = {
			isa = PBXFrameworksBuildPhase;
			buildActionMask = 2147483647;
			files = (
			);
			runOnlyForDeploymentPostprocessing = 0;
		};
/* End PBXFrameworksBuildPhase section */

/* Begin PBXGroup section */
		2666E3A51ACFE4C00057B9CD = {
			isa = PBXGroup;
			children = (
				2666E3B01ACFE4C00057B9CD /* MemeMe */,
				2666E3C61ACFE4C00057B9CD /* MemeMeTests */,
				2666E3AF1ACFE4C00057B9CD /* Products */,
			);
			sourceTree = "<group>";
		};
		2666E3AF1ACFE4C00057B9CD /* Products */ = {
			isa = PBXGroup;
			children = (
				2666E3AE1ACFE4C00057B9CD /* MemeMe.app */,
				2666E3C31ACFE4C00057B9CD /* MemeMeTests.xctest */,
			);
			name = Products;
			sourceTree = "<group>";
		};
		2666E3B01ACFE4C00057B9CD /* MemeMe */ = {
			isa = PBXGroup;
			children = (
				2666E3B31ACFE4C00057B9CD /* AppDelegate.swift */,
				2666E3B51ACFE4C00057B9CD /* CreateMemeViewController.swift */,
				2666E3B71ACFE4C00057B9CD /* Main.storyboard */,
				26AF71CF1AD560D7008CAE8C /* MemeDetailViewController.swift */,
				26AF71CD1AD54144008CAE8C /* SentMemeCollectionViewCell.swift */,
				2666E4031ACFF02E0057B9CD /* MemeHistoryViewController.swift */,
				2666E3BA1ACFE4C00057B9CD /* Images.xcassets */,
				2666E3BC1ACFE4C00057B9CD /* LaunchScreen.xib */,
				26E0A0FE1AD27473003D44BC /* impact.otf */,
				2666E3B11ACFE4C00057B9CD /* Supporting Files */,
				26AF71CB1AD53AF0008CAE8C /* Meme.swift */,
			);
			path = MemeMe;
			sourceTree = "<group>";
		};
		2666E3B11ACFE4C00057B9CD /* Supporting Files */ = {
			isa = PBXGroup;
			children = (
				2666E3B21ACFE4C00057B9CD /* Info.plist */,
			);
			name = "Supporting Files";
			sourceTree = "<group>";
		};
		2666E3C61ACFE4C00057B9CD /* MemeMeTests */ = {
			isa = PBXGroup;
			children = (
				2666E3C91ACFE4C00057B9CD /* MemeMeTests.swift */,
				2666E3C71ACFE4C00057B9CD /* Supporting Files */,
			);
			path = MemeMeTests;
			sourceTree = "<group>";
		};
		2666E3C71ACFE4C00057B9CD /* Supporting Files */ = {
			isa = PBXGroup;
			children = (
				2666E3C81ACFE4C00057B9CD /* Info.plist */,
			);
			name = "Supporting Files";
			sourceTree = "<group>";
		};
/* End PBXGroup section */

/* Begin PBXNativeTarget section */
		2666E3AD1ACFE4C00057B9CD /* MemeMe */ = {
			isa = PBXNativeTarget;
			buildConfigurationList = 2666E3CD1ACFE4C00057B9CD /* Build configuration list for PBXNativeTarget "MemeMe" */;
			buildPhases = (
				2666E3AA1ACFE4C00057B9CD /* Sources */,
				2666E3AB1ACFE4C00057B9CD /* Frameworks */,
				2666E3AC1ACFE4C00057B9CD /* Resources */,
			);
			buildRules = (
			);
			dependencies = (
			);
			name = MemeMe;
			productName = MemeMe;
			productReference = 2666E3AE1ACFE4C00057B9CD /* MemeMe.app */;
			productType = "com.apple.product-type.application";
		};
		2666E3C21ACFE4C00057B9CD /* MemeMeTests */ = {
			isa = PBXNativeTarget;
			buildConfigurationList = 2666E3D01ACFE4C00057B9CD /* Build configuration list for PBXNativeTarget "MemeMeTests" */;
			buildPhases = (
				2666E3BF1ACFE4C00057B9CD /* Sources */,
				2666E3C01ACFE4C00057B9CD /* Frameworks */,
				2666E3C11ACFE4C00057B9CD /* Resources */,
			);
			buildRules = (
			);
			dependencies = (
				2666E3C51ACFE4C00057B9CD /* PBXTargetDependency */,
			);
			name = MemeMeTests;
			productName = MemeMeTests;
			productReference = 2666E3C31ACFE4C00057B9CD /* MemeMeTests.xctest */;
			productType = "com.apple.product-type.bundle.unit-test";
		};
/* End PBXNativeTarget section */

/* Begin PBXProject section */
		2666E3A61ACFE4C00057B9CD /* Project object */ = {
			isa = PBXProject;
			attributes = {
				LastUpgradeCheck = 0620;
				ORGANIZATIONNAME = "Matt Curtis";
				TargetAttributes = {
					2666E3AD1ACFE4C00057B9CD = {
						CreatedOnToolsVersion = 6.2;
						DevelopmentTeam = 8URA3TGGU4;
					};
					2666E3C21ACFE4C00057B9CD = {
						CreatedOnToolsVersion = 6.2;
						TestTargetID = 2666E3AD1ACFE4C00057B9CD;
					};
				};
			};
			buildConfigurationList = 2666E3A91ACFE4C00057B9CD /* Build configuration list for PBXProject "MemeMe" */;
			compatibilityVersion = "Xcode 3.2";
			developmentRegion = English;
			hasScannedForEncodings = 0;
			knownRegions = (
				en,
				Base,
			);
			mainGroup = 2666E3A51ACFE4C00057B9CD;
			productRefGroup = 2666E3AF1ACFE4C00057B9CD /* Products */;
			projectDirPath = "";
			projectRoot = "";
			targets = (
				2666E3AD1ACFE4C00057B9CD /* MemeMe */,
				2666E3C21ACFE4C00057B9CD /* MemeMeTests */,
			);
		};
/* End PBXProject section */

/* Begin PBXResourcesBuildPhase section */
		2666E3AC1ACFE4C00057B9CD /* Resources */ = {
			isa = PBXResourcesBuildPhase;
			buildActionMask = 2147483647;
			files = (
				2666E3B91ACFE4C00057B9CD /* Main.storyboard in Resources */,
				2666E3BE1ACFE4C00057B9CD /* LaunchScreen.xib in Resources */,
				2666E3BB1ACFE4C00057B9CD /* Images.xcassets in Resources */,
				26E0A0FF1AD27481003D44BC /* impact.otf in Resources */,
			);
			runOnlyForDeploymentPostprocessing = 0;
		};
		2666E3C11ACFE4C00057B9CD /* Resources */ = {
			isa = PBXResourcesBuildPhase;
			buildActionMask = 2147483647;
			files = (
			);
			runOnlyForDeploymentPostprocessing = 0;
		};
/* End PBXResourcesBuildPhase section */

/* Begin PBXSourcesBuildPhase section */
		2666E3AA1ACFE4C00057B9CD /* Sources */ = {
			isa = PBXSourcesBuildPhase;
			buildActionMask = 2147483647;
			files = (
				26AF71CE1AD54144008CAE8C /* SentMemeCollectionViewCell.swift in Sources */,
				2666E3B61ACFE4C00057B9CD /* CreateMemeViewController.swift in Sources */,
				26AF71CC1AD53AF0008CAE8C /* Meme.swift in Sources */,
				26AF71D01AD560D7008CAE8C /* MemeDetailViewController.swift in Sources */,
				2666E4041ACFF02E0057B9CD /* MemeHistoryViewController.swift in Sources */,
				2666E3B41ACFE4C00057B9CD /* AppDelegate.swift in Sources */,
			);
			runOnlyForDeploymentPostprocessing = 0;
		};
		2666E3BF1ACFE4C00057B9CD /* Sources */ = {
			isa = PBXSourcesBuildPhase;
			buildActionMask = 2147483647;
			files = (
				2666E3CA1ACFE4C00057B9CD /* MemeMeTests.swift in Sources */,
			);
			runOnlyForDeploymentPostprocessing = 0;
		};
/* End PBXSourcesBuildPhase section */

/* Begin PBXTargetDependency section */
		2666E3C51ACFE4C00057B9CD /* PBXTargetDependency */ = {
			isa = PBXTargetDependency;
			target = 2666E3AD1ACFE4C00057B9CD /* MemeMe */;
			targetProxy = 2666E3C41ACFE4C00057B9CD /* PBXContainerItemProxy */;
		};
/* End PBXTargetDependency section */

/* Begin PBXVariantGroup section */
		2666E3B71ACFE4C00057B9CD /* Main.storyboard */ = {
			isa = PBXVariantGroup;
			children = (
				2666E3B81ACFE4C00057B9CD /* Base */,
			);
			name = Main.storyboard;
			sourceTree = "<group>";
		};
		2666E3BC1ACFE4C00057B9CD /* LaunchScreen.xib */ = {
			isa = PBXVariantGroup;
			children = (
				2666E3BD1ACFE4C00057B9CD /* Base */,
			);
			name = LaunchScreen.xib;
			sourceTree = "<group>";
		};
/* End PBXVariantGroup section */

/* Begin XCBuildConfiguration section */
		2666E3CB1ACFE4C00057B9CD /* Debug */ = {
			isa = XCBuildConfiguration;
			buildSettings = {
				ALWAYS_SEARCH_USER_PATHS = NO;
				CLANG_CXX_LANGUAGE_STANDARD = "gnu++0x";
				CLANG_CXX_LIBRARY = "libc++";
				CLANG_ENABLE_MODULES = YES;
				CLANG_ENABLE_OBJC_ARC = YES;
				CLANG_WARN_BOOL_CONVERSION = YES;
				CLANG_WARN_CONSTANT_CONVERSION = YES;
				CLANG_WARN_DIRECT_OBJC_ISA_USAGE = YES_ERROR;
				CLANG_WARN_EMPTY_BODY = YES;
				CLANG_WARN_ENUM_CONVERSION = YES;
				CLANG_WARN_INT_CONVERSION = YES;
				CLANG_WARN_OBJC_ROOT_CLASS = YES_ERROR;
				CLANG_WARN_UNREACHABLE_CODE = YES;
				CLANG_WARN__DUPLICATE_METHOD_MATCH = YES;
				"CODE_SIGN_IDENTITY[sdk=iphoneos*]" = "iPhone Developer";
				COPY_PHASE_STRIP = NO;
				ENABLE_STRICT_OBJC_MSGSEND = YES;
				GCC_C_LANGUAGE_STANDARD = gnu99;
				GCC_DYNAMIC_NO_PIC = NO;
				GCC_OPTIMIZATION_LEVEL = 0;
				GCC_PREPROCESSOR_DEFINITIONS = (
					"DEBUG=1",
					"$(inherited)",
				);
				GCC_SYMBOLS_PRIVATE_EXTERN = NO;
				GCC_WARN_64_TO_32_BIT_CONVERSION = YES;
				GCC_WARN_ABOUT_RETURN_TYPE = YES_ERROR;
				GCC_WARN_UNDECLARED_SELECTOR = YES;
				GCC_WARN_UNINITIALIZED_AUTOS = YES_AGGRESSIVE;
				GCC_WARN_UNUSED_FUNCTION = YES;
				GCC_WARN_UNUSED_VARIABLE = YES;
				IPHONEOS_DEPLOYMENT_TARGET = 8.2;
				MTL_ENABLE_DEBUG_INFO = YES;
				ONLY_ACTIVE_ARCH = YES;
				SDKROOT = iphoneos;
				SWIFT_OPTIMIZATION_LEVEL = "-Onone";
			};
			name = Debug;
		};
		2666E3CC1ACFE4C00057B9CD /* Release */ = {
			isa = XCBuildConfiguration;
			buildSettings = {
				ALWAYS_SEARCH_USER_PATHS = NO;
				CLANG_CXX_LANGUAGE_STANDARD = "gnu++0x";
				CLANG_CXX_LIBRARY = "libc++";
				CLANG_ENABLE_MODULES = YES;
				CLANG_ENABLE_OBJC_ARC = YES;
				CLANG_WARN_BOOL_CONVERSION = YES;
				CLANG_WARN_CONSTANT_CONVERSION = YES;
				CLANG_WARN_DIRECT_OBJC_ISA_USAGE = YES_ERROR;
				CLANG_WARN_EMPTY_BODY = YES;
				CLANG_WARN_ENUM_CONVERSION = YES;
				CLANG_WARN_INT_CONVERSION = YES;
				CLANG_WARN_OBJC_ROOT_CLASS = YES_ERROR;
				CLANG_WARN_UNREACHABLE_CODE = YES;
				CLANG_WARN__DUPLICATE_METHOD_MATCH = YES;
				"CODE_SIGN_IDENTITY[sdk=iphoneos*]" = "iPhone Developer";
				COPY_PHASE_STRIP = NO;
				ENABLE_NS_ASSERTIONS = NO;
				ENABLE_STRICT_OBJC_MSGSEND = YES;
				GCC_C_LANGUAGE_STANDARD = gnu99;
				GCC_WARN_64_TO_32_BIT_CONVERSION = YES;
				GCC_WARN_ABOUT_RETURN_TYPE = YES_ERROR;
				GCC_WARN_UNDECLARED_SELECTOR = YES;
				GCC_WARN_UNINITIALIZED_AUTOS = YES_AGGRESSIVE;
				GCC_WARN_UNUSED_FUNCTION = YES;
				GCC_WARN_UNUSED_VARIABLE = YES;
				IPHONEOS_DEPLOYMENT_TARGET = 8.2;
				MTL_ENABLE_DEBUG_INFO = NO;
				SDKROOT = iphoneos;
				VALIDATE_PRODUCT = YES;
			};
			name = Release;
		};
		2666E3CE1ACFE4C00057B9CD /* Debug */ = {
			isa = XCBuildConfiguration;
			buildSettings = {
				ASSETCATALOG_COMPILER_APPICON_NAME = AppIcon;
				INFOPLIST_FILE = MemeMe/Info.plist;
				LD_RUNPATH_SEARCH_PATHS = "$(inherited) @executable_path/Frameworks";
				PRODUCT_NAME = "$(TARGET_NAME)";
				TARGETED_DEVICE_FAMILY = "1,2";
			};
			name = Debug;
		};
		2666E3CF1ACFE4C00057B9CD /* Release */ = {
			isa = XCBuildConfiguration;
			buildSettings = {
				ASSETCATALOG_COMPILER_APPICON_NAME = AppIcon;
				INFOPLIST_FILE = MemeMe/Info.plist;
				LD_RUNPATH_SEARCH_PATHS = "$(inherited) @executable_path/Frameworks";
				PRODUCT_NAME = "$(TARGET_NAME)";
				TARGETED_DEVICE_FAMILY = "1,2";
			};
			name = Release;
		};
		2666E3D11ACFE4C00057B9CD /* Debug */ = {
			isa = XCBuildConfiguration;
			buildSettings = {
				BUNDLE_LOADER = "$(TEST_HOST)";
				FRAMEWORK_SEARCH_PATHS = (
					"$(SDKROOT)/Developer/Library/Frameworks",
					"$(inherited)",
				);
				GCC_PREPROCESSOR_DEFINITIONS = (
					"DEBUG=1",
					"$(inherited)",
				);
				INFOPLIST_FILE = MemeMeTests/Info.plist;
				LD_RUNPATH_SEARCH_PATHS = "$(inherited) @executable_path/Frameworks @loader_path/Frameworks";
				PRODUCT_NAME = "$(TARGET_NAME)";
				TEST_HOST = "$(BUILT_PRODUCTS_DIR)/MemeMe.app/MemeMe";
			};
			name = Debug;
		};
		2666E3D21ACFE4C00057B9CD /* Release */ = {
			isa = XCBuildConfiguration;
			buildSettings = {
				BUNDLE_LOADER = "$(TEST_HOST)";
				FRAMEWORK_SEARCH_PATHS = (
					"$(SDKROOT)/Developer/Library/Frameworks",
					"$(inherited)",
				);
				INFOPLIST_FILE = MemeMeTests/Info.plist;
				LD_RUNPATH_SEARCH_PATHS = "$(inherited) @executable_path/Frameworks @loader_path/Frameworks";
				PRODUCT_NAME = "$(TARGET_NAME)";
				TEST_HOST = "$(BUILT_PRODUCTS_DIR)/MemeMe.app/MemeMe";
			};
			name = Release;
		};
/* End XCBuildConfiguration section */

/* Begin XCConfigurationList section */
		2666E3A91ACFE4C00057B9CD /* Build configuration list for PBXProject "MemeMe" */ = {
			isa = XCConfigurationList;
			buildConfigurations = (
				2666E3CB1ACFE4C00057B9CD /* Debug */,
				2666E3CC1ACFE4C00057B9CD /* Release */,
			);
			defaultConfigurationIsVisible = 0;
			defaultConfigurationName = Release;
		};
		2666E3CD1ACFE4C00057B9CD /* Build configuration list for PBXNativeTarget "MemeMe" */ = {
			isa = XCConfigurationList;
			buildConfigurations = (
				2666E3CE1ACFE4C00057B9CD /* Debug */,
				2666E3CF1ACFE4C00057B9CD /* Release */,
			);
			defaultConfigurationIsVisible = 0;
			defaultConfigurationName = Release;
		};
		2666E3D01ACFE4C00057B9CD /* Build configuration list for PBXNativeTarget "MemeMeTests" */ = {
			isa = XCConfigurationList;
			buildConfigurations = (
				2666E3D11ACFE4C00057B9CD /* Debug */,
				2666E3D21ACFE4C00057B9CD /* Release */,
			);
			defaultConfigurationIsVisible = 0;
			defaultConfigurationName = Release;
		};
/* End XCConfigurationList section */
	};
	rootObject = 2666E3A61ACFE4C00057B9CD /* Project object */;
}
